
Microsoft Visual Studio Solution File, Format Version 12.00
# Visual Studio 15
VisualStudioVersion = 15.0.27703.2026
MinimumVisualStudioVersion = 10.0.40219.1
Project("{FAE04EC0-301F-11D3-BF4B-00C04F79EFBC}") = "HelloWorld", "HelloWorld\HelloWorld.csproj", "{9E6AC5EC-1BBA-4B6C-878C-05B23129547E}"
EndProject
Global
	GlobalSection(SolutionConfigurationPlatforms) = preSolution
		Debug|Any CPU = Debug|Any CPU
		Release|Any CPU = Release|Any CPU
	EndGlobalSection
	GlobalSection(ProjectConfigurationPlatforms) = postSolution
		{9E6AC5EC-1BBA-4B6C-878C-05B23129547E}.Debug|Any CPU.ActiveCfg = Debug|Any CPU
		{9E6AC5EC-1BBA-4B6C-878C-05B23129547E}.Debug|Any CPU.Build.0 = Debug|Any CPU
		{9E6AC5EC-1BBA-4B6C-878C-05B23129547E}.Release|Any CPU.ActiveCfg = Release|Any CPU
		{9E6AC5EC-1BBA-4B6C-878C-05B23129547E}.Release|Any CPU.Build.0 = Release|Any CPU
	EndGlobalSection
	GlobalSection(SolutionProperties) = preSolution
		HideSolutionNode = FALSE
	EndGlobalSection
	GlobalSection(ExtensibilityGlobals) = postSolution
		SolutionGuid = {E177FA40-5F49-4447-8B83-171E8FD6751B}
	EndGlobalSection
EndGlobal
